
Microsoft Visual Studio Solution File, Format Version 12.00
# Visual Studio 2013
VisualStudioVersion = 12.0.31101.0
MinimumVisualStudioVersion = 10.0.40219.1
Project("{FAE04EC0-301F-11D3-BF4B-00C04F79EFBC}") = "BizTalkComponents.PipelineComponents.XMLENDisassembler", "XMLENDisassembler\BizTalkComponents.PipelineComponents.XMLENDisassembler.csproj", "{186A69AF-BEED-46ED-BBAC-EE822E9144A2}"
EndProject
Project("{FAE04EC0-301F-11D3-BF4B-00C04F79EFBC}") = "BizTalkComponents.PipelineComponents.XMLENDisassembler.Schemas", "XMLENDisassembler.Schemas\BizTalkComponents.PipelineComponents.XMLENDisassembler.Schemas.btproj", "{A56D9A7B-6270-4B8F-9B39-87702A8E5B0B}"
EndProject
Project("{FAE04EC0-301F-11D3-BF4B-00C04F79EFBC}") = "BizTalkComponents.PipelineComponents.XMLENDisassemblerPipeline", "XMLENDisassemblerPipeline\BizTalkComponents.PipelineComponents.XMLENDisassemblerPipeline.btproj", "{F873A6C6-A0F5-47CF-B131-0A1E1A4AD1D0}"
EndProject
Global
	GlobalSection(SolutionConfigurationPlatforms) = preSolution
		Debug|Any CPU = Debug|Any CPU
		Release|Any CPU = Release|Any CPU
	EndGlobalSection
	GlobalSection(ProjectConfigurationPlatforms) = postSolution
		{186A69AF-BEED-46ED-BBAC-EE822E9144A2}.Debug|Any CPU.ActiveCfg = Debug|Any CPU
		{186A69AF-BEED-46ED-BBAC-EE822E9144A2}.Debug|Any CPU.Build.0 = Debug|Any CPU
		{186A69AF-BEED-46ED-BBAC-EE822E9144A2}.Release|Any CPU.ActiveCfg = Release|Any CPU
		{186A69AF-BEED-46ED-BBAC-EE822E9144A2}.Release|Any CPU.Build.0 = Release|Any CPU
		{A56D9A7B-6270-4B8F-9B39-87702A8E5B0B}.Debug|Any CPU.ActiveCfg = Debug|Any CPU
		{A56D9A7B-6270-4B8F-9B39-87702A8E5B0B}.Debug|Any CPU.Build.0 = Debug|Any CPU
		{A56D9A7B-6270-4B8F-9B39-87702A8E5B0B}.Debug|Any CPU.Deploy.0 = Debug|Any CPU
		{A56D9A7B-6270-4B8F-9B39-87702A8E5B0B}.Release|Any CPU.ActiveCfg = Release|Any CPU
		{A56D9A7B-6270-4B8F-9B39-87702A8E5B0B}.Release|Any CPU.Build.0 = Release|Any CPU
		{A56D9A7B-6270-4B8F-9B39-87702A8E5B0B}.Release|Any CPU.Deploy.0 = Release|Any CPU
		{F873A6C6-A0F5-47CF-B131-0A1E1A4AD1D0}.Debug|Any CPU.ActiveCfg = Debug|Any CPU
		{F873A6C6-A0F5-47CF-B131-0A1E1A4AD1D0}.Debug|Any CPU.Build.0 = Debug|Any CPU
		{F873A6C6-A0F5-47CF-B131-0A1E1A4AD1D0}.Debug|Any CPU.Deploy.0 = Debug|Any CPU
		{F873A6C6-A0F5-47CF-B131-0A1E1A4AD1D0}.Release|Any CPU.ActiveCfg = Release|Any CPU
		{F873A6C6-A0F5-47CF-B131-0A1E1A4AD1D0}.Release|Any CPU.Build.0 = Release|Any CPU
		{F873A6C6-A0F5-47CF-B131-0A1E1A4AD1D0}.Release|Any CPU.Deploy.0 = Release|Any CPU
	EndGlobalSection
	GlobalSection(SolutionProperties) = preSolution
		HideSolutionNode = FALSE
	EndGlobalSection
EndGlobal
